
Microsoft Visual Studio Solution File, Format Version 12.00
# Visual Studio 15
VisualStudioVersion = 15.0.28307.757
MinimumVisualStudioVersion = 10.0.40219.1
Project("{FAE04EC0-301F-11D3-BF4B-00C04F79EFBC}") = "FV_API_Harness", "FV_API_Harness\FV_API_Harness.csproj", "{A1F9C931-1FB7-4094-9B85-B3F272329119}"
EndProject
Project("{FAE04EC0-301F-11D3-BF4B-00C04F79EFBC}") = "FV_API_Harness_Tester", "FV_API_Harness_Tester\FV_API_Harness_Tester.csproj", "{7C74D2C5-3071-4625-B93B-DED2E4B8670F}"
EndProject
Global
	GlobalSection(SolutionConfigurationPlatforms) = preSolution
		Debug|Any CPU = Debug|Any CPU
		Release|Any CPU = Release|Any CPU
	EndGlobalSection
	GlobalSection(ProjectConfigurationPlatforms) = postSolution
		{A1F9C931-1FB7-4094-9B85-B3F272329119}.Debug|Any CPU.ActiveCfg = Debug|Any CPU
		{A1F9C931-1FB7-4094-9B85-B3F272329119}.Debug|Any CPU.Build.0 = Debug|Any CPU
		{A1F9C931-1FB7-4094-9B85-B3F272329119}.Release|Any CPU.ActiveCfg = Release|Any CPU
		{A1F9C931-1FB7-4094-9B85-B3F272329119}.Release|Any CPU.Build.0 = Release|Any CPU
		{7C74D2C5-3071-4625-B93B-DED2E4B8670F}.Debug|Any CPU.ActiveCfg = Debug|Any CPU
		{7C74D2C5-3071-4625-B93B-DED2E4B8670F}.Debug|Any CPU.Build.0 = Debug|Any CPU
		{7C74D2C5-3071-4625-B93B-DED2E4B8670F}.Release|Any CPU.ActiveCfg = Release|Any CPU
		{7C74D2C5-3071-4625-B93B-DED2E4B8670F}.Release|Any CPU.Build.0 = Release|Any CPU
	EndGlobalSection
	GlobalSection(SolutionProperties) = preSolution
		HideSolutionNode = FALSE
	EndGlobalSection
	GlobalSection(ExtensibilityGlobals) = postSolution
		SolutionGuid = {56046FDB-D22E-4DCF-9653-73670FC06872}
	EndGlobalSection
EndGlobal
